
Microsoft Visual Studio Solution File, Format Version 12.00
# Visual Studio Version 16
VisualStudioVersion = 16.0.31129.286
MinimumVisualStudioVersion = 10.0.40219.1
Project("{FAE04EC0-301F-11D3-BF4B-00C04F79EFBC}") = "SignalRChat", "SignalRChat\SignalRChat.csproj", "{7118C6AA-1057-4BB2-9303-117A95063930}"
EndProject
Global
	GlobalSection(SolutionConfigurationPlatforms) = preSolution
		Debug|Any CPU = Debug|Any CPU
		Release|Any CPU = Release|Any CPU
	EndGlobalSection
	GlobalSection(ProjectConfigurationPlatforms) = postSolution
		{7118C6AA-1057-4BB2-9303-117A95063930}.Debug|Any CPU.ActiveCfg = Debug|Any CPU
		{7118C6AA-1057-4BB2-9303-117A95063930}.Debug|Any CPU.Build.0 = Debug|Any CPU
		{7118C6AA-1057-4BB2-9303-117A95063930}.Release|Any CPU.ActiveCfg = Release|Any CPU
		{7118C6AA-1057-4BB2-9303-117A95063930}.Release|Any CPU.Build.0 = Release|Any CPU
	EndGlobalSection
	GlobalSection(SolutionProperties) = preSolution
		HideSolutionNode = FALSE
	EndGlobalSection
	GlobalSection(ExtensibilityGlobals) = postSolution
		SolutionGuid = {23457ADE-823D-4FC4-B7B0-DC667D4C4137}
	EndGlobalSection
EndGlobal
